
Microsoft Visual Studio Solution File, Format Version 12.00
# Visual Studio Version 16
VisualStudioVersion = 16.0.30611.23
MinimumVisualStudioVersion = 10.0.40219.1
Project("{9A19103F-16F7-4668-BE54-9A1E7A4F7556}") = "hello.transaction.api", "src\hello.transaction.api.csproj", "{D002B99C-34E0-4660-8DA0-C39AA2F8C865}"
EndProject
Project("{9A19103F-16F7-4668-BE54-9A1E7A4F7556}") = "hello.transaction.core", "core\hello.transaction.core.csproj", "{32CBC569-1473-416C-8114-63CCBC2A1E70}"
EndProject
Project("{FAE04EC0-301F-11D3-BF4B-00C04F79EFBC}") = "hello.transaction.test", "test\hello.transaction.test.csproj", "{A3645FE9-4286-4837-8E78-4DAAAF2BF22C}"
EndProject
Global
	GlobalSection(SolutionConfigurationPlatforms) = preSolution
		Debug|Any CPU = Debug|Any CPU
		Release|Any CPU = Release|Any CPU
	EndGlobalSection
	GlobalSection(ProjectConfigurationPlatforms) = postSolution
		{D002B99C-34E0-4660-8DA0-C39AA2F8C865}.Debug|Any CPU.ActiveCfg = Debug|Any CPU
		{D002B99C-34E0-4660-8DA0-C39AA2F8C865}.Debug|Any CPU.Build.0 = Debug|Any CPU
		{D002B99C-34E0-4660-8DA0-C39AA2F8C865}.Release|Any CPU.ActiveCfg = Release|Any CPU
		{D002B99C-34E0-4660-8DA0-C39AA2F8C865}.Release|Any CPU.Build.0 = Release|Any CPU
		{0303442E-F398-4704-AEDA-EBC137FE81CC}.Debug|Any CPU.ActiveCfg = Debug|Any CPU
		{0303442E-F398-4704-AEDA-EBC137FE81CC}.Debug|Any CPU.Build.0 = Debug|Any CPU
		{0303442E-F398-4704-AEDA-EBC137FE81CC}.Release|Any CPU.ActiveCfg = Release|Any CPU
		{0303442E-F398-4704-AEDA-EBC137FE81CC}.Release|Any CPU.Build.0 = Release|Any CPU
		{32CBC569-1473-416C-8114-63CCBC2A1E70}.Debug|Any CPU.ActiveCfg = Debug|Any CPU
		{32CBC569-1473-416C-8114-63CCBC2A1E70}.Debug|Any CPU.Build.0 = Debug|Any CPU
		{32CBC569-1473-416C-8114-63CCBC2A1E70}.Release|Any CPU.ActiveCfg = Release|Any CPU
		{32CBC569-1473-416C-8114-63CCBC2A1E70}.Release|Any CPU.Build.0 = Release|Any CPU
		{A3645FE9-4286-4837-8E78-4DAAAF2BF22C}.Debug|Any CPU.ActiveCfg = Debug|Any CPU
		{A3645FE9-4286-4837-8E78-4DAAAF2BF22C}.Debug|Any CPU.Build.0 = Debug|Any CPU
		{A3645FE9-4286-4837-8E78-4DAAAF2BF22C}.Release|Any CPU.ActiveCfg = Release|Any CPU
		{A3645FE9-4286-4837-8E78-4DAAAF2BF22C}.Release|Any CPU.Build.0 = Release|Any CPU
	EndGlobalSection
	GlobalSection(SolutionProperties) = preSolution
		HideSolutionNode = FALSE
	EndGlobalSection
	GlobalSection(ExtensibilityGlobals) = postSolution
		SolutionGuid = {B7B33D65-47D3-4F9B-AE31-C8A1E4161BC8}
	EndGlobalSection
EndGlobal
